
Microsoft Visual Studio Solution File, Format Version 11.00
# Visual Studio 2010
Project("{FAE04EC0-301F-11D3-BF4B-00C04F79EFBC}") = "DemoEdited-master", "Assembly-CSharp.csproj", "{EF091881-83AA-AFC8-B7E9-3F5C5C747585}"
EndProject
Project("{FAE04EC0-301F-11D3-BF4B-00C04F79EFBC}") = "DemoEdited-master", "Assembly-CSharp-firstpass.csproj", "{159DC567-4ACA-2836-643B-A3DB99C898BE}"
EndProject
Project("{FAE04EC0-301F-11D3-BF4B-00C04F79EFBC}") = "DemoEdited-master", "Assembly-CSharp-Editor-firstpass.csproj", "{811941CD-CCCD-B912-44B9-55F5392EC7D7}"
EndProject
Project("{FAE04EC0-301F-11D3-BF4B-00C04F79EFBC}") = "DemoEdited-master", "Assembly-CSharp-Editor.csproj", "{54D9A774-4AAA-5A11-48EF-FD97A1648E83}"
EndProject
Global
	GlobalSection(SolutionConfigurationPlatforms) = preSolution
		Debug|Any CPU = Debug|Any CPU
		Release|Any CPU = Release|Any CPU
	EndGlobalSection
	GlobalSection(ProjectConfigurationPlatforms) = postSolution
		{EF091881-83AA-AFC8-B7E9-3F5C5C747585}.Debug|Any CPU.ActiveCfg = Debug|Any CPU
		{EF091881-83AA-AFC8-B7E9-3F5C5C747585}.Debug|Any CPU.Build.0 = Debug|Any CPU
		{EF091881-83AA-AFC8-B7E9-3F5C5C747585}.Release|Any CPU.ActiveCfg = Release|Any CPU
		{EF091881-83AA-AFC8-B7E9-3F5C5C747585}.Release|Any CPU.Build.0 = Release|Any CPU
		{159DC567-4ACA-2836-643B-A3DB99C898BE}.Debug|Any CPU.ActiveCfg = Debug|Any CPU
		{159DC567-4ACA-2836-643B-A3DB99C898BE}.Debug|Any CPU.Build.0 = Debug|Any CPU
		{159DC567-4ACA-2836-643B-A3DB99C898BE}.Release|Any CPU.ActiveCfg = Release|Any CPU
		{159DC567-4ACA-2836-643B-A3DB99C898BE}.Release|Any CPU.Build.0 = Release|Any CPU
		{811941CD-CCCD-B912-44B9-55F5392EC7D7}.Debug|Any CPU.ActiveCfg = Debug|Any CPU
		{811941CD-CCCD-B912-44B9-55F5392EC7D7}.Debug|Any CPU.Build.0 = Debug|Any CPU
		{811941CD-CCCD-B912-44B9-55F5392EC7D7}.Release|Any CPU.ActiveCfg = Release|Any CPU
		{811941CD-CCCD-B912-44B9-55F5392EC7D7}.Release|Any CPU.Build.0 = Release|Any CPU
		{54D9A774-4AAA-5A11-48EF-FD97A1648E83}.Debug|Any CPU.ActiveCfg = Debug|Any CPU
		{54D9A774-4AAA-5A11-48EF-FD97A1648E83}.Debug|Any CPU.Build.0 = Debug|Any CPU
		{54D9A774-4AAA-5A11-48EF-FD97A1648E83}.Release|Any CPU.ActiveCfg = Release|Any CPU
		{54D9A774-4AAA-5A11-48EF-FD97A1648E83}.Release|Any CPU.Build.0 = Release|Any CPU
	EndGlobalSection
	GlobalSection(SolutionProperties) = preSolution
		HideSolutionNode = FALSE
	EndGlobalSection
	GlobalSection(MonoDevelopProperties) = preSolution
		StartupItem = Assembly-CSharp.csproj
	EndGlobalSection
EndGlobal
